
Microsoft Visual Studio Solution File, Format Version 12.00
# Visual Studio Version 16
VisualStudioVersion = 16.0.29509.3
MinimumVisualStudioVersion = 10.0.40219.1
Project("{9A19103F-16F7-4668-BE54-9A1E7A4F7556}") = "GitVersionCore", "GitVersionCore.csproj", "{2E3D7901-E393-4CB5-B37A-7821F40300FC}"
EndProject
Global
	GlobalSection(SolutionConfigurationPlatforms) = preSolution
		Debug|Any CPU = Debug|Any CPU
		Release|Any CPU = Release|Any CPU
	EndGlobalSection
	GlobalSection(ProjectConfigurationPlatforms) = postSolution
		{2E3D7901-E393-4CB5-B37A-7821F40300FC}.Debug|Any CPU.ActiveCfg = Debug|Any CPU
		{2E3D7901-E393-4CB5-B37A-7821F40300FC}.Debug|Any CPU.Build.0 = Debug|Any CPU
		{2E3D7901-E393-4CB5-B37A-7821F40300FC}.Release|Any CPU.ActiveCfg = Release|Any CPU
		{2E3D7901-E393-4CB5-B37A-7821F40300FC}.Release|Any CPU.Build.0 = Release|Any CPU
	EndGlobalSection
	GlobalSection(SolutionProperties) = preSolution
		HideSolutionNode = FALSE
	EndGlobalSection
	GlobalSection(ExtensibilityGlobals) = postSolution
		SolutionGuid = {4A961C6C-3E47-4A57-8C5C-316717986640}
	EndGlobalSection
EndGlobal
